version = 1
revision = 3
requires-python = ">=3.11"

[[package]]
name = "colorama"
version = "0.4.6"
source = { registry = "https://pypi.org/simple" }
sdist = { url = "https://files.pythonhosted.org/packages/d8/53/6f443c9a4a8358a93a6792e2acffb9d9d5cb0a5cfd8802644b7b1c9a02e4/colorama-0.4.6.tar.gz", hash = "sha256:08695f5cb7ed6e0531a20572697297273c47b8cae5a63ffc6d6ed5c201be6e44", size = 27697, upload-time = "2022-10-25T02:36:22.414Z" }
wheels = [
    { url = "https://files.pythonhosted.org/packages/d1/d6/3965ed04c63042e047cb6a3e6ed1a63a35087b6a609aa3a15ed8ac56c221/colorama-0.4.6-py2.py3-none-any.whl", hash = "sha256:4f1d9991f5acc0ca119f9d443620b77f9d6b33703e51011c16baf57afb285fc6", size = 25335, upload-time = "2022-10-25T02:36:20.889Z" },
]

[[package]]
name = "hellbox"
version = "0.1.3"
source = { git = "https://github.com/hellboxpy/hellbox.git#86a370fe3153582af9e6f8508bb6928965d34038" }
dependencies = [
    { name = "ruff" },
    { name = "ty" },
]

[[package]]
name = "hellbox-ttfautohint"
source = { editable = "." }
dependencies = [
    { name = "hellbox" },
    { name = "ttfautohint-py" },
]

[package.dev-dependencies]
dev = [
    { name = "mdformat" },
    { name = "pyproject-fmt" },
    { name = "pytest" },
    { name = "ruff" },
    { name = "ty" },
]

[package.metadata]
requires-dist = [
    { name = "hellbox", git = "https://github.com/hellboxpy/hellbox.git" },
    { name = "ttfautohint-py" },
]

[package.metadata.requires-dev]
dev = [
    { name = "mdformat" },
    { name = "pyproject-fmt", specifier = ">=2.21.2" },
    { name = "pytest" },
    { name = "ruff", specifier = ">=0,<1" },
    { name = "ty", specifier = ">=0.0.34" },
]

[[package]]
name = "iniconfig"
version = "2.3.0"
source = { registry = "https://pypi.org/simple" }
sdist = { url = "https://files.pythonhosted.org/packages/72/34/14ca021ce8e5dfedc35312d08ba8bf51fdd999c576889fc2c24cb97f4f10/iniconfig-2.3.0.tar.gz", hash = "sha256:c76315c77db068650d49c5b56314774a7804df16fee4402c1f19d6d15d8c4730", size = 20503, upload-time = "2025-10-18T21:55:43.219Z" }
wheels = [
    { url = "https://files.pythonhosted.org/packages/cb/b1/3846dd7f199d53cb17f49cba7e651e9ce294d8497c8c150530ed11865bb8/iniconfig-2.3.0-py3-none-any.whl", hash = "sha256:f631c04d2c48c52b84d0d0549c99ff3859c98df65b3101406327ecc7d53fbf12", size = 7484, upload-time = "2025-10-18T21:55:41.639Z" },
]

[[package]]
name = "markdown-it-py"
version = "4.2.0"
source = { registry = "https://pypi.org/simple" }
dependencies = [
    { name = "mdurl" },
]
sdist = { url = "https://files.pythonhosted.org/packages/06/ff/7841249c247aa650a76b9ee4bbaeae59370dc8bfd2f6c01f3630c35eb134/markdown_it_py-4.2.0.tar.gz", hash = "sha256:04a21681d6fbb623de53f6f364d352309d4094dd4194040a10fd51833e418d49", size = 82454, upload-time = "2026-05-07T12:08:28.36Z" }
wheels = [
    { url = "https://files.pythonhosted.org/packages/b3/81/4da04ced5a082363ecfa159c010d200ecbd959ae410c10c0264a38cac0f5/markdown_it_py-4.2.0-py3-none-any.whl", hash = "sha256:9f7ebbcd14fe59494226453aed97c1070d83f8d24b6fc3a3bcf9a38092641c4a", size = 91687, upload-time = "2026-05-07T12:08:27.182Z" },
]

[[package]]
name = "mdformat"
version = "1.0.0"
source = { registry = "https://pypi.org/simple" }
dependencies = [
    { name = "markdown-it-py" },
]
sdist = { url = "https://files.pythonhosted.org/packages/3f/05/32b5e14b192b0a8a309f32232c580aefedd9d06017cb8fe8fce34bec654c/mdformat-1.0.0.tar.gz", hash = "sha256:4954045fcae797c29f86d4ad879e43bb151fa55dbaf74ac6eaeacf1d45bb3928", size = 56953, upload-time = "2025-10-16T12:05:03.695Z" }
wheels = [
    { url = "https://files.pythonhosted.org/packages/54/9a/8fe71b95985ca7a4001effbcc58e5a07a1f2a2884203f74dcf48a3b08315/mdformat-1.0.0-py3-none-any.whl", hash = "sha256:bca015d65a1d063a02e885a91daee303057bc7829c2cd37b2075a50dbb65944b", size = 53288, upload-time = "2025-10-16T12:05:02.607Z" },
]

[[package]]
name = "mdurl"
version = "0.1.2"
source = { registry = "https://pypi.org/simple" }
sdist = { url = "https://files.pythonhosted.org/packages/d6/54/cfe61301667036ec958cb99bd3efefba235e65cdeb9c84d24a8293ba1d90/mdurl-0.1.2.tar.gz", hash = "sha256:bb413d29f5eea38f31dd4754dd7377d4465116fb207585f97bf925588687c1ba", size = 8729, upload-time = "2022-08-14T12:40:10.846Z" }
wheels = [
    { url = "https://files.pythonhosted.org/packages/b3/38/89ba8ad64ae25be8de66a6d463314cf1eb366222074cfda9ee839c56a4b4/mdurl-0.1.2-py3-none-any.whl", hash = "sha256:84008a41e51615a49fc9966191ff91509e3c40b939176e643fd50a5c2196b8f8", size = 9979, upload-time = "2022-08-14T12:40:09.779Z" },
]

[[package]]
name = "packaging"
version = "26.2"
source = { registry = "https://pypi.org/simple" }
sdist = { url = "https://files.pythonhosted.org/packages/d7/f1/e7a6dd94a8d4a5626c03e4e99c87f241ba9e350cd9e6d75123f992427270/packaging-26.2.tar.gz", hash = "sha256:ff452ff5a3e828ce110190feff1178bb1f2ea2281fa2075aadb987c2fb221661", size = 228134, upload-time = "2026-04-24T20:15:23.917Z" }
wheels = [
    { url = "https://files.pythonhosted.org/packages/df/b2/87e62e8c3e2f4b32e5fe99e0b86d576da1312593b39f47d8ceef365e95ed/packaging-26.2-py3-none-any.whl", hash = "sha256:5fc45236b9446107ff2415ce77c807cee2862cb6fac22b8a73826d0693b0980e", size = 100195, upload-time = "2026-04-24T20:15:22.081Z" },
]

[[package]]
name = "pluggy"
version = "1.6.0"
source = { registry = "https://pypi.org/simple" }
sdist = { url = "https://files.pythonhosted.org/packages/f9/e2/3e91f31a7d2b083fe6ef3fa267035b518369d9511ffab804f839851d2779/pluggy-1.6.0.tar.gz", hash = "sha256:7dcc130b76258d33b90f61b658791dede3486c3e6bfb003ee5c9bfb396dd22f3", size = 69412, upload-time = "2025-05-15T12:30:07.975Z" }
wheels = [
    { url = "https://files.pythonhosted.org/packages/54/20/4d324d65cc6d9205fabedc306948156824eb9f0ee1633355a8f7ec5c66bf/pluggy-1.6.0-py3-none-any.whl", hash = "sha256:e920276dd6813095e9377c0bc5566d94c932c33b27a3e3945d8389c374dd4746", size = 20538, upload-time = "2025-05-15T12:30:06.134Z" },
]

[[package]]
name = "pygments"
version = "2.20.0"
source = { registry = "https://pypi.org/simple" }
sdist = { url = "https://files.pythonhosted.org/packages/c3/b2/bc9c9196916376152d655522fdcebac55e66de6603a76a02bca1b6414f6c/pygments-2.20.0.tar.gz", hash = "sha256:6757cd03768053ff99f3039c1a36d6c0aa0b263438fcab17520b30a303a82b5f", size = 4955991, upload-time = "2026-03-29T13:29:33.898Z" }
wheels = [
    { url = "https://files.pythonhosted.org/packages/f4/7e/a72dd26f3b0f4f2bf1dd8923c85f7ceb43172af56d63c7383eb62b332364/pygments-2.20.0-py3-none-any.whl", hash = "sha256:81a9e26dd42fd28a23a2d169d86d7ac03b46e2f8b59ed4698fb4785f946d0176", size = 1231151, upload-time = "2026-03-29T13:29:30.038Z" },
]

[[package]]
name = "pyproject-fmt"
version = "2.21.2"
source = { registry = "https://pypi.org/simple" }
dependencies = [
    { name = "toml-fmt-common" },
]
sdist = { url = "https://files.pythonhosted.org/packages/03/30/c2e3505604c097a591bddd02fafe674d3d7049c9a1a8fdbf109e2bd583ef/pyproject_fmt-2.21.2.tar.gz", hash = "sha256:7fcfdab7eb7da356998ff5ecdff8ebf85c1080523e28c085a4643950d962107f", size = 155067, upload-time = "2026-05-05T00:55:17.756Z" }
wheels = [
    { url = "https://files.pythonhosted.org/packages/6e/a6/a237b1ca70d06a48e75dcaca385cdeae82de73cecade3c8274566837c3dc/pyproject_fmt-2.21.2-cp310-abi3-macosx_10_12_x86_64.whl", hash = "sha256:28e222e4267d338b737bdd454de5d6ac2291a93c839665ba880174860a94dedd", size = 5080595, upload-time = "2026-05-05T00:54:27.551Z" },
    { url = "https://files.pythonhosted.org/packages/be/ab/84192abff5a4e8545f7087f9df9e2fceba8c5820de23f77951af0f59ecf2/pyproject_fmt-2.21.2-cp310-abi3-macosx_11_0_arm64.whl", hash = "sha256:f2632a23bff5c2b607f466320436352e8c29cd1dfad4b3a452719ba72475d5c8", size = 4880644, upload-time = "2026-05-05T00:54:29.683Z" },
    { url = "https://files.pythonhosted.org/packages/47/7c/ab5f5e361a037931b786f72c01c0288b4a5161d3d95a8a171f95924a8dc6/pyproject_fmt-2.21.2-cp310-abi3-manylinux_2_28_aarch64.whl", hash = "sha256:37a6fa1462aa1413dae14f2a204e232452ea509af72641091dd10ecc6fd58f5e", size = 5043706, upload-time = "2026-05-05T00:54:31.805Z" },
    { url = "https://files.pythonhosted.org/packages/8d/76/e6d98b567164342b5c0e571053becabcb4ae2b067e0b86d9647accb76461/pyproject_fmt-2.21.2-cp310-abi3-manylinux_2_28_x86_64.whl", hash = "sha256:749e9a6715b92d660a38efe13077910ffc75d688096af953d7bee1c4490157df", size = 5397345, upload-time = "2026-05-05T00:54:33.901Z" },
    { url = "https://files.pythonhosted.org/packages/df/9c/b26d84d4f25414450f8e74604abada0f2687312f34305d2a56a75314de15/pyproject_fmt-2.21.2-cp310-abi3-manylinux_2_31_riscv64.whl", hash = "sha256:bbaa5c5a1650a6fb181d43f8e625cf225c991b0457feaa48735df1be29c368c2", size = 5084825, upload-time = "2026-05-05T00:54:35.99Z" },
    { url = "https://files.pythonhosted.org/packages/af/a7/098b5ff64f1497025340bddd68a103380a4b579a77e5fe38d97f161dc43e/pyproject_fmt-2.21.2-cp310-abi3-musllinux_1_2_x86_64.whl", hash = "sha256:93fe997b4531542b4f76b187600e5a1ad0f8856be9a81054bddb8e11309f370f", size = 5595994, upload-time = "2026-05-05T00:54:37.678Z" },
    { url = "https://files.pythonhosted.org/packages/36/20/ba56926c5ee296bdc055e403cf5419e2b0b2d4a385609e95558841a62691/pyproject_fmt-2.21.2-cp310-abi3-win_amd64.whl", hash = "sha256:1ef6e5b86b85673f1fc4fd1cb3ccd833ef3293b3b19ed04ae4668604615feef5", size = 5309188, upload-time = "2026-05-05T00:54:39.764Z" },
    { url = "https://files.pythonhosted.org/packages/3e/fd/3660664b632eba6098767067d7c36cd65fb3dcc8040e5de63ceea8138975/pyproject_fmt-2.21.2-cp313-cp313t-macosx_10_12_x86_64.whl", hash = "sha256:e1b6b7d8db36ad0e57c20f789f640b72922f26fa2bf962faa32135be61ffd436", size = 5077560, upload-time = "2026-05-05T00:54:41.472Z" },
    { url = "https://files.pythonhosted.org/packages/53/8c/db7ca56575f775edfad331698502b57ced33affe29a9e01954bfee3b65a6/pyproject_fmt-2.21.2-cp313-cp313t-macosx_11_0_arm64.whl", hash = "sha256:b1281cf2494092ce0015fa9b0471576864ee67ae8f7c465e0346f7ef64ed0f72", size = 4878018, upload-time = "2026-05-05T00:54:43.193Z" },
    { url = "https://files.pythonhosted.org/packages/0f/10/a22b3510f276a8fba48d80b4b8ceaf6699a899d0851e7b6f1d4369b66c0c/pyproject_fmt-2.21.2-cp313-cp313t-manylinux_2_28_aarch64.whl", hash = "sha256:9f6f776e829fe94c66c30914d539862649332ab7d7cb0b1d5c434860256edcb3", size = 5037434, upload-time = "2026-05-05T00:54:45.528Z" },
    { url = "https://files.pythonhosted.org/packages/86/21/3b521e79d9183d63cf53f884235a52ab8b3ea9e5c8ea9350cb4b346ded62/pyproject_fmt-2.21.2-cp313-cp313t-manylinux_2_28_x86_64.whl", hash = "sha256:a7170de7b9f83c21b47efbb79c5a0bf31fee67e94929d68b7af9f3d8633e8292", size = 5387604, upload-time = "2026-05-05T00:54:47.706Z" },
    { url = "https://files.pythonhosted.org/packages/95/18/12f560f322b14a1ce047acbdc8f90c48f296cc76a9a97de4d1e6f23304e9/pyproject_fmt-2.21.2-cp313-cp313t-musllinux_1_2_x86_64.whl", hash = "sha256:9ece67ca5bdae611fa5d35c0becad30663354c972149412bd448834725c9c8a3", size = 5585008, upload-time = "2026-05-05T00:54:49.481Z" },
    { url = "https://files.pythonhosted.org/packages/d2/fd/f8a62c2a6f82fea16fb2cb8d6649eed3b413c23ba5ac3afcb471637c6bc7/pyproject_fmt-2.21.2-cp313-cp313t-win_amd64.whl", hash = "sha256:e12661bd2b274603464b797c7e583880b384133dceb1c9f2878a78c44a4272ee", size = 5304214, upload-time = "2026-05-05T00:54:51.655Z" },
    { url = "https://files.pythonhosted.org/packages/1f/f6/55937920df4ef20bd3d7f2e8fa86d8daed6dfa22356f0c9ec02f64786f6a/pyproject_fmt-2.21.2-cp314-cp314t-macosx_10_12_x86_64.whl", hash = "sha256:89c475e8ae7d8787bfade5983c800f32f4dc60a22af75320b24038eaf505fd5f", size = 5078567, upload-time = "2026-05-05T00:54:53.178Z" },
    { url = "https://files.pythonhosted.org/packages/ac/72/a04e2fd34900c539c9f9e0cb539b16e506fb2c864537e91e0d470dfad4ff/pyproject_fmt-2.21.2-cp314-cp314t-macosx_11_0_arm64.whl", hash = "sha256:6888f795677781200694933b5a1e8634b0bf3fa2217f70af2009ce2c399dab33", size = 4878228, upload-time = "2026-05-05T00:54:55.025Z" },
    { url = "https://files.pythonhosted.org/packages/91/ff/078547cae9373d4086567f2254367dd624a157461cf0ae8df67a3c068c4f/pyproject_fmt-2.21.2-cp314-cp314t-manylinux_2_28_aarch64.whl", hash = "sha256:44df97b6ea0b268016c66d96d40adcdd5174a54c07eda694c923a2bb1d94e1de", size = 5036407, upload-time = "2026-05-05T00:54:56.664Z" },
    { url = "https://files.pythonhosted.org/packages/f2/22/0a77bf68872fbd12e12cfdec27e9f9400898b025bb96c8bb3bc53a896e0c/pyproject_fmt-2.21.2-cp314-cp314t-manylinux_2_28_x86_64.whl", hash = "sha256:2129e95534828cf3e27f0587dbc010d7801ffa20518e2ef329f654b8752c12fb", size = 5387771, upload-time = "2026-05-05T00:54:58.151Z" },
    { url = "https://files.pythonhosted.org/packages/98/81/49820a5e18db78804b149fed924bcb54912e269875c00beac26525313b3f/pyproject_fmt-2.21.2-cp314-cp314t-musllinux_1_2_x86_64.whl", hash = "sha256:d8e29b36e2b104b58c6478b8d52398f68faa1014891988e8e45b9d946ad1773d", size = 5584368, upload-time = "2026-05-05T00:54:59.782Z" },
    { url = "https://files.pythonhosted.org/packages/10/69/f0b29381f5f6cef6819cadb57e39ef82f6eb0c43411a0f36314a0ac8e2d6/pyproject_fmt-2.21.2-cp314-cp314t-win_amd64.whl", hash = "sha256:737b7a1019ddef2fc78840cf53b5f7a6201acafc4169650079ff07b094a5d439", size = 5304226, upload-time = "2026-05-05T00:55:01.599Z" },
    { url = "https://files.pythonhosted.org/packages/25/d5/20649fd503a8338a92624c8d048b789059885ba248344ed80e80ff2339bf/pyproject_fmt-2.21.2-cp315-cp315t-macosx_10_12_x86_64.whl", hash = "sha256:84fbfe66178781a864e9d6bbe82cae2de08620e5c8971d2c0df1e77768b3dbb0", size = 5078497, upload-time = "2026-05-05T00:55:03.42Z" },
    { url = "https://files.pythonhosted.org/packages/82/58/f97bccf32c7ac48129a2be5d849812f8f9c9174e5acb7a0b8af6035fc5cf/pyproject_fmt-2.21.2-cp315-cp315t-macosx_11_0_arm64.whl", hash = "sha256:041d013e564d64be01b3aca4a44ea90a19022fe9841391d35d0de7ac33fcaecd", size = 4877296, upload-time = "2026-05-05T00:55:05.048Z" },
    { url = "https://files.pythonhosted.org/packages/38/17/a7cfcba7ff57e97d6f120480a28296a1564be07cecf238a30977b36bbf0d/pyproject_fmt-2.21.2-cp315-cp315t-manylinux_2_28_aarch64.whl", hash = "sha256:f434fe89c6206d0b93531a785bf7edc503656adabcba87c362021482a0fcd3cd", size = 5036335, upload-time = "2026-05-05T00:55:06.663Z" },
    { url = "https://files.pythonhosted.org/packages/25/86/8f4e408ebdcc6ead5c995c5a33145b660d12db127df4131b0f3307a2614c/pyproject_fmt-2.21.2-cp315-cp315t-manylinux_2_28_x86_64.whl", hash = "sha256:5edc63f6dc478653075735aac7c858e6763f9dba84bb102d599bf48fe6aa7148", size = 5388280, upload-time = "2026-05-05T00:55:08.331Z" },
    { url = "https://files.pythonhosted.org/packages/3d/23/60db9ea8923ed833598716e4699ff2594b0c1453d5ae1af31f99b660b776/pyproject_fmt-2.21.2-cp315-cp315t-musllinux_1_2_x86_64.whl", hash = "sha256:143b9b11213d55af03042d27f735a3ffcef865d30584366e4b07b9c0366a1611", size = 5584403, upload-time = "2026-05-05T00:55:10.545Z" },
    { url = "https://files.pythonhosted.org/packages/37/4f/b3df45225448f4e04f3728dc622ba23acf5be1d8f78ee581dc856b04f272/pyproject_fmt-2.21.2-pp311-pypy311_pp73-macosx_10_12_x86_64.whl", hash = "sha256:fe589df7a04c0081c07ce9aefde1e9a0dd10d9f24866461d4d0156908c3ce954", size = 5079488, upload-time = "2026-05-05T00:55:12.644Z" },
    { url = "https://files.pythonhosted.org/packages/cc/c1/9d3e222a8be0423db301c85f015981fbcb91e053be4f9001af6e563a7d69/pyproject_fmt-2.21.2-pp311-pypy311_pp73-macosx_11_0_arm64.whl", hash = "sha256:bec64674d821fcab61959daf8780ed8dc4fcaa438a47bbffbfc1cf0e8b8664b0", size = 4879506, upload-time = "2026-05-05T00:55:14.372Z" },
    { url = "https://files.pythonhosted.org/packages/4e/42/5071c42f5776bb98ec03d3c35bfe07002709e853912bdd00ee48c46d38d5/pyproject_fmt-2.21.2-pp311-pypy311_pp73-manylinux_2_28_x86_64.whl", hash = "sha256:3581bfa9ed41f5c9423ffb80b16e7320869a7977090df68311e0c87c4467213d", size = 5394213, upload-time = "2026-05-05T00:55:15.938Z" },
]

[[package]]
name = "pytest"
version = "9.0.3"
source = { registry = "https://pypi.org/simple" }
dependencies = [
    { name = "colorama", marker = "sys_platform == 'win32'" },
    { name = "iniconfig" },
    { name = "packaging" },
    { name = "pluggy" },
    { name = "pygments" },
]
sdist = { url = "https://files.pythonhosted.org/packages/7d/0d/549bd94f1a0a402dc8cf64563a117c0f3765662e2e668477624baeec44d5/pytest-9.0.3.tar.gz", hash = "sha256:b86ada508af81d19edeb213c681b1d48246c1a91d304c6c81a427674c17eb91c", size = 1572165, upload-time = "2026-04-07T17:16:18.027Z" }
wheels = [
    { url = "https://files.pythonhosted.org/packages/d4/24/a372aaf5c9b7208e7112038812994107bc65a84cd00e0354a88c2c77a617/pytest-9.0.3-py3-none-any.whl", hash = "sha256:2c5efc453d45394fdd706ade797c0a81091eccd1d6e4bccfcd476e2b8e0ab5d9", size = 375249, upload-time = "2026-04-07T17:16:16.13Z" },
]

[[package]]
name = "ruff"
version = "0.15.12"
source = { registry = "https://pypi.org/simple" }
sdist = { url = "https://files.pythonhosted.org/packages/99/43/3291f1cc9106f4c63bdce7a8d0df5047fe8422a75b091c16b5e9355e0b11/ruff-0.15.12.tar.gz", hash = "sha256:ecea26adb26b4232c0c2ca19ccbc0083a68344180bba2a600605538ce51a40a6", size = 4643852, upload-time = "2026-04-24T18:17:14.305Z" }
wheels = [
    { url = "https://files.pythonhosted.org/packages/c3/6e/e78ffb61d4686f3d96ba3df2c801161843746dcbcbb17a1e927d4829312b/ruff-0.15.12-py3-none-linux_armv6l.whl", hash = "sha256:f86f176e188e94d6bdbc09f09bfd9dc729059ad93d0e7390b5a73efe19f8861c", size = 10640713, upload-time = "2026-04-24T18:17:22.841Z" },
    { url = "https://files.pythonhosted.org/packages/ae/08/a317bc231fb9e7b93e4ef3089501e51922ff88d6936ce5cf870c4fe55419/ruff-0.15.12-py3-none-macosx_10_12_x86_64.whl", hash = "sha256:e3bcd123364c3770b8e1b7baaf343cc99a35f197c5c6e8af79015c666c423a6c", size = 11069267, upload-time = "2026-04-24T18:17:30.105Z" },
    { url = "https://files.pythonhosted.org/packages/aa/a4/f828e9718d3dce1f5f11c39c4f65afd32783c8b2aebb2e3d259e492c47bd/ruff-0.15.12-py3-none-macosx_11_0_arm64.whl", hash = "sha256:fe87510d000220aa1ed530d4448a7c696a0cae1213e5ec30e5874287b66557b5", size = 10397182, upload-time = "2026-04-24T18:17:07.177Z" },
    { url = "https://files.pythonhosted.org/packages/71/e0/3310fc6d1b5e1fdea22bf3b1b807c7e187b581021b0d7d4514cccdb5fb71/ruff-0.15.12-py3-none-manylinux_2_17_aarch64.manylinux2014_aarch64.whl", hash = "sha256:84a1630093121375a3e2a95b4a6dc7b59e2b4ee76216e32d81aae550a832d002", size = 10758012, upload-time = "2026-04-24T18:16:55.759Z" },
    { url = "https://files.pythonhosted.org/packages/11/c1/a606911aee04c324ddaa883ae418f3569792fd3c4a10c50e0dd0a2311e1e/ruff-0.15.12-py3-none-manylinux_2_17_armv7l.manylinux2014_armv7l.whl", hash = "sha256:fb129f40f114f089ebe0ca56c0d251cf2061b17651d464bb6478dc01e69f11f5", size = 10447479, upload-time = "2026-04-24T18:16:51.677Z" },
    { url = "https://files.pythonhosted.org/packages/9d/68/4201e8444f0894f21ab4aeeaee68aa4f10b51613514a20d80bd628d57e88/ruff-0.15.12-py3-none-manylinux_2_17_i686.manylinux2014_i686.whl", hash = "sha256:b0c862b172d695db7598426b8af465e7e9ac00a3ea2a3630ee67eb82e366aaa6", size = 11234040, upload-time = "2026-04-24T18:17:16.529Z" },
    { url = "https://files.pythonhosted.org/packages/34/ff/8a6d6cf4ccc23fd67060874e832c18919d1557a0611ebef03fdb01fff11e/ruff-0.15.12-py3-none-manylinux_2_17_ppc64le.manylinux2014_ppc64le.whl", hash = "sha256:2849ea9f3484c3aca43a82f484210370319e7170df4dfe4843395ddf6c57bc33", size = 12087377, upload-time = "2026-04-24T18:17:04.944Z" },
    { url = "https://files.pythonhosted.org/packages/85/f6/c669cf73f5152f623d34e69866a46d5e6185816b19fcd5b6dd8a2d299922/ruff-0.15.12-py3-none-manylinux_2_17_s390x.manylinux2014_s390x.whl", hash = "sha256:9e77c7e51c07fe396826d5969a5b846d9cd4c402535835fb6e21ce8b28fef847", size = 11367784, upload-time = "2026-04-24T18:17:25.409Z" },
    { url = "https://files.pythonhosted.org/packages/e8/39/c61d193b8a1daaa8977f7dea9e8d8ba866e02ea7b65d32f6861693aa4c12/ruff-0.15.12-py3-none-manylinux_2_17_x86_64.manylinux2014_x86_64.whl", hash = "sha256:83b2f4f2f3b1026b5fb449b467d9264bf22067b600f7b6f41fc5958909f449d0", size = 11344088, upload-time = "2026-04-24T18:17:12.258Z" },
    { url = "https://files.pythonhosted.org/packages/c2/8d/49afab3645e31e12c590acb6d3b5b69d7aab5b81926dbaf7461f9441f37a/ruff-0.15.12-py3-none-manylinux_2_31_riscv64.whl", hash = "sha256:9ba3b8f1afd7e2e43d8943e55f249e13f9682fde09711644a6e7290eb4f3e339", size = 11271770, upload-time = "2026-04-24T18:17:02.457Z" },
    { url = "https://files.pythonhosted.org/packages/46/06/33f41fe94403e2b755481cdfb9b7ef3e4e0ed031c4581124658d935d52b4/ruff-0.15.12-py3-none-musllinux_1_2_aarch64.whl", hash = "sha256:e852ba9fdc890655e1d78f2df1499efbe0e54126bd405362154a75e2bde159c5", size = 10719355, upload-time = "2026-04-24T18:17:27.648Z" },
    { url = "https://files.pythonhosted.org/packages/0d/59/18aa4e014debbf559670e4048e39260a85c7fcee84acfd761ac01e7b8d35/ruff-0.15.12-py3-none-musllinux_1_2_armv7l.whl", hash = "sha256:dd8aed930da53780d22fc70bdf84452c843cf64f8cb4eb38984319c24c5cd5fd", size = 10462758, upload-time = "2026-04-24T18:17:32.347Z" },
    { url = "https://files.pythonhosted.org/packages/25/e7/cc9f16fd0f3b5fddcbd7ec3d6ae30c8f3fde1047f32a4093a98d633c6570/ruff-0.15.12-py3-none-musllinux_1_2_i686.whl", hash = "sha256:01da3988d225628b709493d7dc67c3b9b12c0210016b08690ef9bd27970b262b", size = 10953498, upload-time = "2026-04-24T18:17:20.674Z" },
    { url = "https://files.pythonhosted.org/packages/72/7a/a9ba7f98c7a575978698f4230c5e8cc54bbc761af34f560818f933dafa0c/ruff-0.15.12-py3-none-musllinux_1_2_x86_64.whl", hash = "sha256:9cae0f92bd5700d1213188b31cd3bdd2b315361296d10b96b8e2337d3d11f53e", size = 11447765, upload-time = "2026-04-24T18:17:09.755Z" },
    { url = "https://files.pythonhosted.org/packages/ea/f9/0ae446942c846b8266059ad8a30702a35afae55f5cdc54c5adf8d7afdc27/ruff-0.15.12-py3-none-win32.whl", hash = "sha256:d0185894e038d7043ba8fd6aee7499ece6462dc0ea9f1e260c7451807c714c20", size = 10657277, upload-time = "2026-04-24T18:17:18.591Z" },
    { url = "https://files.pythonhosted.org/packages/33/f1/9614e03e1cdcbf9437570b5400ced8a720b5db22b28d8e0f1bda429f660d/ruff-0.15.12-py3-none-win_amd64.whl", hash = "sha256:c87a162d61ab3adca47c03f7f717c68672edec7d1b5499e652331780fe74950d", size = 11837758, upload-time = "2026-04-24T18:17:00.113Z" },
    { url = "https://files.pythonhosted.org/packages/c0/98/6beb4b351e472e5f4c4613f7c35a5290b8be2497e183825310c4c3a3984b/ruff-0.15.12-py3-none-win_arm64.whl", hash = "sha256:a538f7a82d061cee7be55542aca1d86d1393d55d81d4fcc314370f4340930d4f", size = 11120821, upload-time = "2026-04-24T18:16:57.979Z" },
]

[[package]]
name = "toml-fmt-common"
version = "1.3.2"
source = { registry = "https://pypi.org/simple" }
sdist = { url = "https://files.pythonhosted.org/packages/b0/f3/1a54191399599a229d04868083c30234c62e569cfaaf367f6c792ac53e2d/toml_fmt_common-1.3.2.tar.gz", hash = "sha256:d0da45f0244e8d410787fa8ddf5a5594016abb2a7b97f400ce20ec8b0a6a4804", size = 7583, upload-time = "2026-03-20T17:32:11.335Z" }
wheels = [
    { url = "https://files.pythonhosted.org/packages/55/27/403387a0b8ad8e5d57bec82ed0e5528432859ea8e1475916c8c8ac45197c/toml_fmt_common-1.3.2-py3-none-any.whl", hash = "sha256:f3329fbdd962f629d1777071a7f37813f6cf17b10a33830a5393996fc2064bef", size = 5557, upload-time = "2026-03-20T17:32:10.263Z" },
]

[[package]]
name = "ttfautohint-py"
version = "0.6.0"
source = { registry = "https://pypi.org/simple" }
sdist = { url = "https://files.pythonhosted.org/packages/fa/fe/bac058f2844c06768f7f2fd2dbfc3c912685bc58543d20d1f891e4c2cb37/ttfautohint_py-0.6.0.tar.gz", hash = "sha256:c1158529cc9a0cf047a8a8562cdb69cac63a05dc647c3a5ce987f60dcf084928", size = 180884, upload-time = "2025-08-01T15:02:59.22Z" }
wheels = [
    { url = "https://files.pythonhosted.org/packages/3f/f3/a2f399d7b95663dafcbdd58c26773cdd6d75ceff3f82308b3203beec9581/ttfautohint_py-0.6.0-py3-none-macosx_10_9_universal2.whl", hash = "sha256:65471c781bdd8352203ab508ec1172ccadeacb2fa2d33317c55f4dda6031d695", size = 1975183, upload-time = "2025-08-01T15:02:50.525Z" },
    { url = "https://files.pythonhosted.org/packages/47/7f/7362560b6bf03c0b59098b7c1c4f78b0814247cb34e17084bb2b8798f440/ttfautohint_py-0.6.0-py3-none-manylinux2014_x86_64.manylinux_2_17_x86_64.whl", hash = "sha256:7773f7bedcc71b53db1b0cd13749f6ccde888874254488d7a4b511a4c3674db9", size = 13847734, upload-time = "2025-08-01T15:02:52.533Z" },
    { url = "https://files.pythonhosted.org/packages/e3/6c/3a94c7460b1b98b70123964e8711f09ba1ef5811f52b9bc2c666edf0c09e/ttfautohint_py-0.6.0-py3-none-win32.whl", hash = "sha256:f2759b1ff4f5ed1d4f3f4a2a9a466953ec0fe8f367bfe0cc6e859920a3e4f91f", size = 18041388, upload-time = "2025-08-01T15:02:55.025Z" },
    { url = "https://files.pythonhosted.org/packages/cf/f1/3c5d78168b16b1acb1da8bd9842232c8725ffa483f1e2eaf3e038a1b9f36/ttfautohint_py-0.6.0-py3-none-win_amd64.whl", hash = "sha256:137ed8af7569325b1fc140e1985e8647dc2eb76749b7347ad32322d8bb410a48", size = 18116860, upload-time = "2025-08-01T15:02:57.227Z" },
]

[[package]]
name = "ty"
version = "0.0.34"
source = { registry = "https://pypi.org/simple" }
sdist = { url = "https://files.pythonhosted.org/packages/c4/69/e24eefe2c35c0fdbdec9b60e162727af669bb76d64d993d982eb67b24c38/ty-0.0.34.tar.gz", hash = "sha256:a6efe66b0f13c03a65e6c72ec9abfe2792e2fd063c74fa67e2c4930e29d661be", size = 5585933, upload-time = "2026-05-01T23:06:46.388Z" }
wheels = [
    { url = "https://files.pythonhosted.org/packages/83/7b/8b85003d6639ef17a97dcbb31f4511cfe78f1c81a964470db100c8c883e7/ty-0.0.34-py3-none-linux_armv6l.whl", hash = "sha256:9ecc3d14f07a95a6ceb88e07f8e62358dbd37325d3d5bd56da7217ff1fef7fb8", size = 11067094, upload-time = "2026-05-01T23:06:21.133Z" },
    { url = "https://files.pythonhosted.org/packages/d7/25/b0098f65b020b015c40567c763fc66fffbec88b2ba6f584bca1e92f05ebb/ty-0.0.34-py3-none-macosx_10_12_x86_64.whl", hash = "sha256:0dccffd8a9d02321cd2dee3249df205e26d62694e741f4eeca36b157fd8b419f", size = 10840909, upload-time = "2026-05-01T23:06:18.409Z" },
    { url = "https://files.pythonhosted.org/packages/e4/55/5e4adcf7d2a1006b844903b27cb81244a9b748d850433a46a6c21776c401/ty-0.0.34-py3-none-macosx_11_0_arm64.whl", hash = "sha256:b0ea47a2998e167ab3b21d2f4b5309a9cf33c297809f6d7e3e753252223174d0", size = 10279378, upload-time = "2026-05-01T23:06:37.962Z" },
    { url = "https://files.pythonhosted.org/packages/4d/91/f537dca0db8fe2558e8ab04d8941d687b384fcc1df5eb9023b2db75ac26c/ty-0.0.34-py3-none-manylinux_2_17_aarch64.manylinux2014_aarch64.whl", hash = "sha256:8b37da00b41a118a459ae56d8947e70651073fb33ebfbceb820e4a10b22d5023", size = 10817423, upload-time = "2026-05-01T23:06:26.247Z" },
    { url = "https://files.pythonhosted.org/packages/2c/c4/55a3ad1da2815af1009bdc1b8c90dc11a364cd314e4b48c5128ba9d38859/ty-0.0.34-py3-none-manylinux_2_17_armv7l.manylinux2014_armv7l.whl", hash = "sha256:81cbbb93c2342fe3de43e625d3a9eb149633e9f485e816ebf6395d08685355d8", size = 10851826, upload-time = "2026-05-01T23:06:24.198Z" },
    { url = "https://files.pythonhosted.org/packages/ce/8c/9c7606af22d73fb43ea4369472d9c66ece11231be73b0efe8e3c61655559/ty-0.0.34-py3-none-manylinux_2_17_i686.manylinux2014_i686.whl", hash = "sha256:4c5b4dea1594a021289e172582df9cde7089dce14b276fc650e7b212b1772e12", size = 11356318, upload-time = "2026-05-01T23:06:51.139Z" },
    { url = "https://files.pythonhosted.org/packages/20/54/bb423f663721ab4138b216425c6b55eaefd3a068243b24d6d8fe988f4e13/ty-0.0.34-py3-none-manylinux_2_17_ppc64le.manylinux2014_ppc64le.whl", hash = "sha256:030fb00aa2d2a5b5ae9d9183d574e0c82dae80566700a7490c43669d8ece40cd", size = 11902968, upload-time = "2026-05-01T23:06:35.82Z" },
    { url = "https://files.pythonhosted.org/packages/b6/22/01122b21ab6b534a2f618c6bbe5f1f7f49fd56f4b2ec8887cd6d40d08fb3/ty-0.0.34-py3-none-manylinux_2_17_s390x.manylinux2014_s390x.whl", hash = "sha256:5ae9555e24e36c63a8218e037a5a63f15579eb6aa94f41017e57cd41d335cfb5", size = 11548860, upload-time = "2026-05-01T23:06:42.155Z" },
    { url = "https://files.pythonhosted.org/packages/d1/50/86008b1392ec64bed1957bbcc7aaa43b466b50dfc91bb131841c21d7c5c3/ty-0.0.34-py3-none-manylinux_2_17_x86_64.manylinux2014_x86_64.whl", hash = "sha256:99eb23df9ed129fc26d1ab00d6f0b8dfe5253b09c2ac6abdb11523fa70d67f10", size = 11457097, upload-time = "2026-05-01T23:06:53.477Z" },
    { url = "https://files.pythonhosted.org/packages/92/3e/4558b2296963ba99c58d8409c57d7db4f3061b656c3613cb21c02c1ef4c2/ty-0.0.34-py3-none-musllinux_1_2_aarch64.whl", hash = "sha256:85de45382016eceae69e104815eb2cfa200787df104002e262a86cbd43ed2c02", size = 10798192, upload-time = "2026-05-01T23:06:40.004Z" },
    { url = "https://files.pythonhosted.org/packages/76/bf/650d24402be2ef678528d60caac1d9477a40fc37e3792ecef07834fd7a4a/ty-0.0.34-py3-none-musllinux_1_2_armv7l.whl", hash = "sha256:14cb575fb8fa5131f5129d100cfe23c1575d23faf5dfc5158432749a3e38c9b5", size = 10890390, upload-time = "2026-05-01T23:06:33.076Z" },
    { url = "https://files.pythonhosted.org/packages/5c/ef/ccd2ca13906079f7935fd7e067661b24233017f57d987d51d6a121d85bb5/ty-0.0.34-py3-none-musllinux_1_2_i686.whl", hash = "sha256:c6fc0b69d8450e6910ba9db34572b959b81329a97ae273c391f70e9fb6c1aade", size = 11031564, upload-time = "2026-05-01T23:06:55.812Z" },
    { url = "https://files.pythonhosted.org/packages/ba/2d/d27b72005b6f43599e3bcabab0d7135ac0c230b7a307bb99f9eea02c1cda/ty-0.0.34-py3-none-musllinux_1_2_x86_64.whl", hash = "sha256:30dfcec2f0fde3993f4f912ed0e057dcbebc8615299f610a4c2ddb7b5a3e1e06", size = 11553430, upload-time = "2026-05-01T23:06:31.096Z" },
    { url = "https://files.pythonhosted.org/packages/a7/12/20812e1ad930b8d4af70eebf19ad23cff6e31efcfa613ef884531fcdbaa1/ty-0.0.34-py3-none-win32.whl", hash = "sha256:97b77ddf007271b812a313a8f0a14929bc5590958433e1fb83ef585676f53342", size = 10436048, upload-time = "2026-05-01T23:06:49.108Z" },
    { url = "https://files.pythonhosted.org/packages/b0/6a/afa095c5987868fbda27c0f731146ac8e3d07b357adfa83daccaee5b1a16/ty-0.0.34-py3-none-win_amd64.whl", hash = "sha256:1f543968accb952705134028d1fda8656882787dbbc667ad4d6c3ba23791d604", size = 11462526, upload-time = "2026-05-01T23:06:28.514Z" },
    { url = "https://files.pythonhosted.org/packages/63/8f/bf041a06260d77662c0605e56dacfe90b786bf824cbe1aed238d15fe5e84/ty-0.0.34-py3-none-win_arm64.whl", hash = "sha256:ea09108cbcb16b6b06d7596312b433bf49681e78d30e4dc7fb3c1b248a95e09a", size = 10846945, upload-time = "2026-05-01T23:06:44.428Z" },
]
